// !$*UTF8*$!
{
	archiveVersion = 1;
	classes = {
	};
	objectVersion = 46;
	objects = {

/* Begin PBXBuildFile section */
		4A02A9B029B555C4005E4DE5 /* opencv2.framework in Frameworks */ = {isa = PBXBuildFile; fileRef = 4AC9181D29B5552D007BE423 /* opencv2.framework */; };
		4A0720F91E6637FE00084FB6 /* PrefsWindow.xib in Resources */ = {isa = PBXBuildFile; fileRef = 4A0720F81E6637FE00084FB6 /* PrefsWindow.xib */; };
		4A0E117E1E8CAA770074C280 /* Foundation.framework in Frameworks */ = {isa = PBXBuildFile; fileRef = 4A0E117D1E8CAA770074C280 /* Foundation.framework */; };
		4A0E11801E8CAA830074C280 /* CoreFoundation.framework in Frameworks */ = {isa = PBXBuildFile; fileRef = 4A0E117F1E8CAA830074C280 /* CoreFoundation.framework */; };
		4A0E11821E8CAA940074C280 /* AppKit.framework in Frameworks */ = {isa = PBXBuildFile; fileRef = 4A0E11811E8CAA940074C280 /* AppKit.framework */; };
		4A0EBFD11EC3EA9500B0D585 /* prefDefaults.plist in Resources */ = {isa = PBXBuildFile; fileRef = 4A0EBFD01EC3EA9500B0D585 /* prefDefaults.plist */; };
		4A17ED992A95956F009FAA72 /* loc_strings.cpp in Sources */ = {isa = PBXBuildFile; fileRef = 4A17ED972A95956F009FAA72 /* loc_strings.cpp */; };
		4A47933D1E7F676E002C3631 /* Calibration.cpp in Sources */ = {isa = PBXBuildFile; fileRef = 4A47933B1E7F676E002C3631 /* Calibration.cpp */; };
		4A5FA0B41DFE138D00795630 /* readtex.c in Sources */ = {isa = PBXBuildFile; fileRef = 4A5FA0B31DFE138D00795630 /* readtex.c */; };
		4A5FA0B71DFE13B300795630 /* EdenMessage.c in Sources */ = {isa = PBXBuildFile; fileRef = 4A5FA0B61DFE13B300795630 /* EdenMessage.c */; };
		4A5FA0BB1DFE140000795630 /* EdenTime.c in Sources */ = {isa = PBXBuildFile; fileRef = 4A5FA0BA1DFE140000795630 /* EdenTime.c */; };
		4A5FA0BD1DFE155D00795630 /* EdenUtil.c in Sources */ = {isa = PBXBuildFile; fileRef = 4A5FA0BC1DFE155D00795630 /* EdenUtil.c */; };
		4A6FD7281E42C7A900C6471A /* OpenCL.framework in Frameworks */ = {isa = PBXBuildFile; fileRef = 4A6FD7271E42C7A900C6471A /* OpenCL.framework */; };
		4A6FD72A1E42C7C200C6471A /* Accelerate.framework in Frameworks */ = {isa = PBXBuildFile; fileRef = 4A6FD7291E42C7C200C6471A /* Accelerate.framework */; };
		4A79ED8120A5247B0087591E /* EdenUIInput.c in Sources */ = {isa = PBXBuildFile; fileRef = 4A79ED7F20A5247A0087591E /* EdenUIInput.c */; };
		4A91420A1DF6450200DF4FEE /* Assets.xcassets in Resources */ = {isa = PBXBuildFile; fileRef = 4A9142091DF6450200DF4FEE /* Assets.xcassets */; };
		4A91421B1DF645A900DF4FEE /* calc.cpp in Sources */ = {isa = PBXBuildFile; fileRef = 4A9142161DF645A900DF4FEE /* calc.cpp */; };
		4A91421C1DF645A900DF4FEE /* calib_camera.cpp in Sources */ = {isa = PBXBuildFile; fileRef = 4A9142181DF645A900DF4FEE /* calib_camera.cpp */; };
		4A91421D1DF645A900DF4FEE /* fileUploader.c in Sources */ = {isa = PBXBuildFile; fileRef = 4A9142191DF645A900DF4FEE /* fileUploader.c */; };
		4A9143531DF6660700DF4FEE /* flow.cpp in Sources */ = {isa = PBXBuildFile; fileRef = 4A9143521DF6660700DF4FEE /* flow.cpp */; };
		4A91436B1DF666E200DF4FEE /* EdenGLFont.c in Sources */ = {isa = PBXBuildFile; fileRef = 4A9143561DF666E200DF4FEE /* EdenGLFont.c */; };
		4A91436C1DF666E200DF4FEE /* EdenSurfaces.c in Sources */ = {isa = PBXBuildFile; fileRef = 4A9143581DF666E200DF4FEE /* EdenSurfaces.c */; };
		4A91436D1DF666E200DF4FEE /* glut_8x13.c in Sources */ = {isa = PBXBuildFile; fileRef = 4A91435B1DF666E200DF4FEE /* glut_8x13.c */; };
		4A91436E1DF666E200DF4FEE /* glut_9x15.c in Sources */ = {isa = PBXBuildFile; fileRef = 4A91435C1DF666E200DF4FEE /* glut_9x15.c */; };
		4A91436F1DF666E200DF4FEE /* glut_bitmap.c in Sources */ = {isa = PBXBuildFile; fileRef = 4A91435D1DF666E200DF4FEE /* glut_bitmap.c */; };
		4A9143701DF666E200DF4FEE /* glut_bwidth.c in Sources */ = {isa = PBXBuildFile; fileRef = 4A91435E1DF666E200DF4FEE /* glut_bwidth.c */; };
		4A9143711DF666E200DF4FEE /* glut_hel10.c in Sources */ = {isa = PBXBuildFile; fileRef = 4A91435F1DF666E200DF4FEE /* glut_hel10.c */; };
		4A9143721DF666E200DF4FEE /* glut_hel12.c in Sources */ = {isa = PBXBuildFile; fileRef = 4A9143601DF666E200DF4FEE /* glut_hel12.c */; };
		4A9143731DF666E200DF4FEE /* glut_hel18.c in Sources */ = {isa = PBXBuildFile; fileRef = 4A9143611DF666E200DF4FEE /* glut_hel18.c */; };
		4A9143741DF666E200DF4FEE /* glut_mroman.c in Sources */ = {isa = PBXBuildFile; fileRef = 4A9143621DF666E200DF4FEE /* glut_mroman.c */; };
		4A9143751DF666E200DF4FEE /* glut_roman.c in Sources */ = {isa = PBXBuildFile; fileRef = 4A9143631DF666E200DF4FEE /* glut_roman.c */; };
		4A9143761DF666E200DF4FEE /* glut_stroke.c in Sources */ = {isa = PBXBuildFile; fileRef = 4A9143641DF666E200DF4FEE /* glut_stroke.c */; };
		4A9143771DF666E200DF4FEE /* glut_swidth.c in Sources */ = {isa = PBXBuildFile; fileRef = 4A9143651DF666E200DF4FEE /* glut_swidth.c */; };
		4A9143781DF666E200DF4FEE /* glut_tr10.c in Sources */ = {isa = PBXBuildFile; fileRef = 4A9143661DF666E200DF4FEE /* glut_tr10.c */; };
		4A9143791DF666E200DF4FEE /* glut_tr24.c in Sources */ = {isa = PBXBuildFile; fileRef = 4A9143671DF666E200DF4FEE /* glut_tr24.c */; };
		4AB6B1881E68B89C0034F03C /* prefsNull.cpp in Sources */ = {isa = PBXBuildFile; fileRef = 4AB6B1871E68B89C0034F03C /* prefsNull.cpp */; };
		4AC9181E29B5552D007BE423 /* opencv2.framework in Embed Frameworks */ = {isa = PBXBuildFile; fileRef = 4AC9181D29B5552D007BE423 /* opencv2.framework */; settings = {ATTRIBUTES = (CodeSignOnCopy, RemoveHeadersOnCopy, ); }; };
		4AD419991E6FB37300DC036C /* PrefsWindowController.mm in Sources */ = {isa = PBXBuildFile; fileRef = 4A0720FB1E663EBA00084FB6 /* PrefsWindowController.mm */; };
		4AD4199A1E6FB3C000DC036C /* prefsLibConfig.cpp in Sources */ = {isa = PBXBuildFile; fileRef = 4A6223CF1E6CFBA8002F0096 /* prefsLibConfig.cpp */; };
		4AEB0DC41E418FAD00765B3B /* libcurl.tbd in Frameworks */ = {isa = PBXBuildFile; fileRef = 4AEB0DC31E418FAD00765B3B /* libcurl.tbd */; };
		4AEB0DCA1E41900600765B3B /* libjpeg.a in Frameworks */ = {isa = PBXBuildFile; fileRef = 4AEB0DC91E41900600765B3B /* libjpeg.a */; };
		4AEB0DCB1E41940A00765B3B /* SDL2.framework in Frameworks */ = {isa = PBXBuildFile; fileRef = 4AEB0DC71E418FF000765B3B /* SDL2.framework */; };
		4AEB0DCC1E41940A00765B3B /* SDL2.framework in Embed Frameworks */ = {isa = PBXBuildFile; fileRef = 4AEB0DC71E418FF000765B3B /* SDL2.framework */; settings = {ATTRIBUTES = (CodeSignOnCopy, RemoveHeadersOnCopy, ); }; };
		4AEB0DCD1E41940A00765B3B /* ARX.framework in Frameworks */ = {isa = PBXBuildFile; fileRef = 4A91434C1DF6477A00DF4FEE /* ARX.framework */; };
		4AEB0DCE1E41940A00765B3B /* ARX.framework in Embed Frameworks */ = {isa = PBXBuildFile; fileRef = 4A91434C1DF6477A00DF4FEE /* ARX.framework */; settings = {ATTRIBUTES = (CodeSignOnCopy, RemoveHeadersOnCopy, ); }; };
		4AEC04B21DFF6FB8008678C3 /* glStateCache.c in Sources */ = {isa = PBXBuildFile; fileRef = 4AEC04B01DFF6FB8008678C3 /* glStateCache.c */; };
/* End PBXBuildFile section */

/* Begin PBXCopyFilesBuildPhase section */
		4AEB0DCF1E41940A00765B3B /* Embed Frameworks */ = {
			isa = PBXCopyFilesBuildPhase;
			buildActionMask = 2147483647;
			dstPath = "";
			dstSubfolderSpec = 10;
			files = (
				4AEB0DCE1E41940A00765B3B /* ARX.framework in Embed Frameworks */,
				4AEB0DCC1E41940A00765B3B /* SDL2.framework in Embed Frameworks */,
				4AC9181E29B5552D007BE423 /* opencv2.framework in Embed Frameworks */,
			);
			name = "Embed Frameworks";
			runOnlyForDeploymentPostprocessing = 0;
		};
		4AEB0DDD1E41956A00765B3B /* CopyFiles */ = {
			isa = PBXCopyFilesBuildPhase;
			buildActionMask = 2147483647;
			dstPath = "";
			dstSubfolderSpec = 6;
			files = (
			);
			runOnlyForDeploymentPostprocessing = 0;
		};
/* End PBXCopyFilesBuildPhase section */

/* Begin PBXFileReference section */
		4A01554821645AF900FE1CE5 /* version.h */ = {isa = PBXFileReference; lastKnownFileType = sourcecode.c.h; name = version.h; path = ../version.h; sourceTree = "<group>"; };
		4A01554921645AFA00FE1CE5 /* readme.md */ = {isa = PBXFileReference; lastKnownFileType = net.daringfireball.markdown; name = readme.md; path = ../readme.md; sourceTree = "<group>"; };
		4A0720F81E6637FE00084FB6 /* PrefsWindow.xib */ = {isa = PBXFileReference; fileEncoding = 4; lastKnownFileType = file.xib; path = PrefsWindow.xib; sourceTree = "<group>"; };
		4A0720FA1E663EBA00084FB6 /* PrefsWindowController.h */ = {isa = PBXFileReference; fileEncoding = 4; lastKnownFileType = sourcecode.c.h; path = PrefsWindowController.h; sourceTree = "<group>"; };
		4A0720FB1E663EBA00084FB6 /* PrefsWindowController.mm */ = {isa = PBXFileReference; fileEncoding = 4; lastKnownFileType = sourcecode.cpp.objcpp; path = PrefsWindowController.mm; sourceTree = "<group>"; };
		4A0E117D1E8CAA770074C280 /* Foundation.framework */ = {isa = PBXFileReference; lastKnownFileType = wrapper.framework; name = Foundation.framework; path = System/Library/Frameworks/Foundation.framework; sourceTree = SDKROOT; };
		4A0E117F1E8CAA830074C280 /* CoreFoundation.framework */ = {isa = PBXFileReference; lastKnownFileType = wrapper.framework; name = CoreFoundation.framework; path = System/Library/Frameworks/CoreFoundation.framework; sourceTree = SDKROOT; };
		4A0E11811E8CAA940074C280 /* AppKit.framework */ = {isa = PBXFileReference; lastKnownFileType = wrapper.framework; name = AppKit.framework; path = System/Library/Frameworks/AppKit.framework; sourceTree = SDKROOT; };
		4A0EBFD01EC3EA9500B0D585 /* prefDefaults.plist */ = {isa = PBXFileReference; fileEncoding = 4; lastKnownFileType = text.plist.xml; path = prefDefaults.plist; sourceTree = "<group>"; };
		4A17ED972A95956F009FAA72 /* loc_strings.cpp */ = {isa = PBXFileReference; fileEncoding = 4; lastKnownFileType = sourcecode.cpp.cpp; name = loc_strings.cpp; path = ../loc_strings.cpp; sourceTree = "<group>"; };
		4A17ED982A95956F009FAA72 /* loc_strings.hpp */ = {isa = PBXFileReference; fileEncoding = 4; lastKnownFileType = sourcecode.cpp.h; name = loc_strings.hpp; path = ../loc_strings.hpp; sourceTree = "<group>"; };
		4A47933B1E7F676E002C3631 /* Calibration.cpp */ = {isa = PBXFileReference; fileEncoding = 4; lastKnownFileType = sourcecode.cpp.cpp; name = Calibration.cpp; path = ../Calibration.cpp; sourceTree = "<group>"; };
		4A47933C1E7F676E002C3631 /* Calibration.hpp */ = {isa = PBXFileReference; fileEncoding = 4; lastKnownFileType = sourcecode.cpp.h; name = Calibration.hpp; path = ../Calibration.hpp; sourceTree = "<group>"; };
		4A5FA0B31DFE138D00795630 /* readtex.c */ = {isa = PBXFileReference; fileEncoding = 4; lastKnownFileType = sourcecode.c.c; path = readtex.c; sourceTree = "<group>"; };
		4A5FA0B51DFE139F00795630 /* readtex.h */ = {isa = PBXFileReference; lastKnownFileType = sourcecode.c.h; path = readtex.h; sourceTree = "<group>"; };
		4A5FA0B61DFE13B300795630 /* EdenMessage.c */ = {isa = PBXFileReference; fileEncoding = 4; lastKnownFileType = sourcecode.c.c; path = EdenMessage.c; sourceTree = "<group>"; };
		4A5FA0B81DFE13CA00795630 /* EdenMath.h */ = {isa = PBXFileReference; lastKnownFileType = sourcecode.c.h; path = EdenMath.h; sourceTree = "<group>"; };
		4A5FA0B91DFE13F500795630 /* EdenTime.h */ = {isa = PBXFileReference; lastKnownFileType = sourcecode.c.h; path = EdenTime.h; sourceTree = "<group>"; };
		4A5FA0BA1DFE140000795630 /* EdenTime.c */ = {isa = PBXFileReference; fileEncoding = 4; lastKnownFileType = sourcecode.c.c; path = EdenTime.c; sourceTree = "<group>"; };
		4A5FA0BC1DFE155D00795630 /* EdenUtil.c */ = {isa = PBXFileReference; fileEncoding = 4; lastKnownFileType = sourcecode.c.c; path = EdenUtil.c; sourceTree = "<group>"; };
		4A5FA0BE1DFE156B00795630 /* EdenUtil.h */ = {isa = PBXFileReference; lastKnownFileType = sourcecode.c.h; path = EdenUtil.h; sourceTree = "<group>"; };
		4A5FA0BF1DFE160500795630 /* calib_camera.h */ = {isa = PBXFileReference; fileEncoding = 4; lastKnownFileType = sourcecode.c.h; name = calib_camera.h; path = ../calib_camera.h; sourceTree = "<group>"; };
		4A60A98E1EF3675000BEBF8A /* user-config.xcconfig */ = {isa = PBXFileReference; lastKnownFileType = text.xcconfig; path = "user-config.xcconfig"; sourceTree = "<group>"; };
		4A6223CF1E6CFBA8002F0096 /* prefsLibConfig.cpp */ = {isa = PBXFileReference; fileEncoding = 4; lastKnownFileType = sourcecode.cpp.cpp; name = prefsLibConfig.cpp; path = ../prefsLibConfig.cpp; sourceTree = "<group>"; };
		4A6FD7271E42C7A900C6471A /* OpenCL.framework */ = {isa = PBXFileReference; lastKnownFileType = wrapper.framework; name = OpenCL.framework; path = System/Library/Frameworks/OpenCL.framework; sourceTree = SDKROOT; };
		4A6FD7291E42C7C200C6471A /* Accelerate.framework */ = {isa = PBXFileReference; lastKnownFileType = wrapper.framework; name = Accelerate.framework; path = System/Library/Frameworks/Accelerate.framework; sourceTree = SDKROOT; };
		4A79ED7F20A5247A0087591E /* EdenUIInput.c */ = {isa = PBXFileReference; fileEncoding = 4; lastKnownFileType = sourcecode.c.c; path = EdenUIInput.c; sourceTree = "<group>"; };
		4A79ED8020A5247B0087591E /* EdenUIInput.h */ = {isa = PBXFileReference; fileEncoding = 4; lastKnownFileType = sourcecode.c.h; path = EdenUIInput.h; sourceTree = "<group>"; };
		4A9142001DF6450200DF4FEE /* artoolkitX Camera Calibration Utility.app */ = {isa = PBXFileReference; explicitFileType = wrapper.application; includeInIndex = 0; path = "artoolkitX Camera Calibration Utility.app"; sourceTree = BUILT_PRODUCTS_DIR; };
		4A9142091DF6450200DF4FEE /* Assets.xcassets */ = {isa = PBXFileReference; lastKnownFileType = folder.assetcatalog; path = Assets.xcassets; sourceTree = "<group>"; };
		4A91420E1DF6450200DF4FEE /* Info.plist */ = {isa = PBXFileReference; lastKnownFileType = text.plist.xml; path = Info.plist; sourceTree = "<group>"; };
		4A9142161DF645A900DF4FEE /* calc.cpp */ = {isa = PBXFileReference; fileEncoding = 4; lastKnownFileType = sourcecode.cpp.cpp; name = calc.cpp; path = ../calc.cpp; sourceTree = "<group>"; };
		4A9142171DF645A900DF4FEE /* calc.hpp */ = {isa = PBXFileReference; fileEncoding = 4; lastKnownFileType = sourcecode.cpp.h; name = calc.hpp; path = ../calc.hpp; sourceTree = "<group>"; };
		4A9142181DF645A900DF4FEE /* calib_camera.cpp */ = {isa = PBXFileReference; fileEncoding = 4; lastKnownFileType = sourcecode.cpp.cpp; name = calib_camera.cpp; path = ../calib_camera.cpp; sourceTree = "<group>"; };
		4A9142191DF645A900DF4FEE /* fileUploader.c */ = {isa = PBXFileReference; fileEncoding = 4; lastKnownFileType = sourcecode.c.c; name = fileUploader.c; path = ../fileUploader.c; sourceTree = "<group>"; };
		4A91421A1DF645A900DF4FEE /* fileUploader.h */ = {isa = PBXFileReference; fileEncoding = 4; lastKnownFileType = sourcecode.c.h; name = fileUploader.h; path = ../fileUploader.h; sourceTree = "<group>"; };
		4A91434C1DF6477A00DF4FEE /* ARX.framework */ = {isa = PBXFileReference; lastKnownFileType = wrapper.framework; path = ARX.framework; sourceTree = "<group>"; };
		4A9143511DF6660700DF4FEE /* flow.hpp */ = {isa = PBXFileReference; fileEncoding = 4; lastKnownFileType = sourcecode.cpp.h; name = flow.hpp; path = ../flow.hpp; sourceTree = "<group>"; };
		4A9143521DF6660700DF4FEE /* flow.cpp */ = {isa = PBXFileReference; fileEncoding = 4; lastKnownFileType = sourcecode.cpp.cpp; name = flow.cpp; path = ../flow.cpp; sourceTree = "<group>"; };
		4A9143551DF666E200DF4FEE /* Eden.h */ = {isa = PBXFileReference; fileEncoding = 4; lastKnownFileType = sourcecode.c.h; path = Eden.h; sourceTree = "<group>"; };
		4A9143561DF666E200DF4FEE /* EdenGLFont.c */ = {isa = PBXFileReference; fileEncoding = 4; lastKnownFileType = sourcecode.c.c; path = EdenGLFont.c; sourceTree = "<group>"; };
		4A9143571DF666E200DF4FEE /* EdenMessage.h */ = {isa = PBXFileReference; fileEncoding = 4; lastKnownFileType = sourcecode.c.h; path = EdenMessage.h; sourceTree = "<group>"; };
		4A9143581DF666E200DF4FEE /* EdenSurfaces.c */ = {isa = PBXFileReference; fileEncoding = 4; lastKnownFileType = sourcecode.c.c; path = EdenSurfaces.c; sourceTree = "<group>"; };
		4A9143591DF666E200DF4FEE /* EdenSurfaces.h */ = {isa = PBXFileReference; fileEncoding = 4; lastKnownFileType = sourcecode.c.h; path = EdenSurfaces.h; sourceTree = "<group>"; };
		4A91435B1DF666E200DF4FEE /* glut_8x13.c */ = {isa = PBXFileReference; fileEncoding = 4; lastKnownFileType = sourcecode.c.c; path = glut_8x13.c; sourceTree = "<group>"; };
		4A91435C1DF666E200DF4FEE /* glut_9x15.c */ = {isa = PBXFileReference; fileEncoding = 4; lastKnownFileType = sourcecode.c.c; path = glut_9x15.c; sourceTree = "<group>"; };
		4A91435D1DF666E200DF4FEE /* glut_bitmap.c */ = {isa = PBXFileReference; fileEncoding = 4; lastKnownFileType = sourcecode.c.c; path = glut_bitmap.c; sourceTree = "<group>"; };
		4A91435E1DF666E200DF4FEE /* glut_bwidth.c */ = {isa = PBXFileReference; fileEncoding = 4; lastKnownFileType = sourcecode.c.c; path = glut_bwidth.c; sourceTree = "<group>"; };
		4A91435F1DF666E200DF4FEE /* glut_hel10.c */ = {isa = PBXFileReference; fileEncoding = 4; lastKnownFileType = sourcecode.c.c; path = glut_hel10.c; sourceTree = "<group>"; };
		4A9143601DF666E200DF4FEE /* glut_hel12.c */ = {isa = PBXFileReference; fileEncoding = 4; lastKnownFileType = sourcecode.c.c; path = glut_hel12.c; sourceTree = "<group>"; };
		4A9143611DF666E200DF4FEE /* glut_hel18.c */ = {isa = PBXFileReference; fileEncoding = 4; lastKnownFileType = sourcecode.c.c; path = glut_hel18.c; sourceTree = "<group>"; };
		4A9143621DF666E200DF4FEE /* glut_mroman.c */ = {isa = PBXFileReference; fileEncoding = 4; lastKnownFileType = sourcecode.c.c; path = glut_mroman.c; sourceTree = "<group>"; };
		4A9143631DF666E200DF4FEE /* glut_roman.c */ = {isa = PBXFileReference; fileEncoding = 4; lastKnownFileType = sourcecode.c.c; path = glut_roman.c; sourceTree = "<group>"; };
		4A9143641DF666E200DF4FEE /* glut_stroke.c */ = {isa = PBXFileReference; fileEncoding = 4; lastKnownFileType = sourcecode.c.c; path = glut_stroke.c; sourceTree = "<group>"; };
		4A9143651DF666E200DF4FEE /* glut_swidth.c */ = {isa = PBXFileReference; fileEncoding = 4; lastKnownFileType = sourcecode.c.c; path = glut_swidth.c; sourceTree = "<group>"; };
		4A9143661DF666E200DF4FEE /* glut_tr10.c */ = {isa = PBXFileReference; fileEncoding = 4; lastKnownFileType = sourcecode.c.c; path = glut_tr10.c; sourceTree = "<group>"; };
		4A9143671DF666E200DF4FEE /* glut_tr24.c */ = {isa = PBXFileReference; fileEncoding = 4; lastKnownFileType = sourcecode.c.c; path = glut_tr24.c; sourceTree = "<group>"; };
		4A9143681DF666E200DF4FEE /* glutbitmap.h */ = {isa = PBXFileReference; fileEncoding = 4; lastKnownFileType = sourcecode.c.h; path = glutbitmap.h; sourceTree = "<group>"; };
		4A9143691DF666E200DF4FEE /* glutstroke.h */ = {isa = PBXFileReference; fileEncoding = 4; lastKnownFileType = sourcecode.c.h; path = glutstroke.h; sourceTree = "<group>"; };
		4A91436A1DF666E200DF4FEE /* gluttext.h */ = {isa = PBXFileReference; fileEncoding = 4; lastKnownFileType = sourcecode.c.h; path = gluttext.h; sourceTree = "<group>"; };
		4A91437A1DF6676F00DF4FEE /* EdenError.h */ = {isa = PBXFileReference; lastKnownFileType = sourcecode.c.h; path = EdenError.h; sourceTree = "<group>"; };
		4A91437B1DF6677600DF4FEE /* EdenGLFont.h */ = {isa = PBXFileReference; lastKnownFileType = sourcecode.c.h; path = EdenGLFont.h; sourceTree = "<group>"; };
		4AB6B1861E68B7C60034F03C /* prefs.hpp */ = {isa = PBXFileReference; lastKnownFileType = sourcecode.cpp.h; name = prefs.hpp; path = ../prefs.hpp; sourceTree = "<group>"; };
		4AB6B1871E68B89C0034F03C /* prefsNull.cpp */ = {isa = PBXFileReference; fileEncoding = 4; lastKnownFileType = sourcecode.cpp.cpp; name = prefsNull.cpp; path = ../prefsNull.cpp; sourceTree = "<group>"; };
		4AC9181929B55519007BE423 /* jpeglib.h */ = {isa = PBXFileReference; fileEncoding = 4; lastKnownFileType = sourcecode.c.h; path = jpeglib.h; sourceTree = "<group>"; };
		4AC9181A29B55519007BE423 /* jconfig.h */ = {isa = PBXFileReference; fileEncoding = 4; lastKnownFileType = sourcecode.c.h; path = jconfig.h; sourceTree = "<group>"; };
		4AC9181B29B55519007BE423 /* jmorecfg.h */ = {isa = PBXFileReference; fileEncoding = 4; lastKnownFileType = sourcecode.c.h; path = jmorecfg.h; sourceTree = "<group>"; };
		4AC9181C29B55519007BE423 /* jerror.h */ = {isa = PBXFileReference; fileEncoding = 4; lastKnownFileType = sourcecode.c.h; path = jerror.h; sourceTree = "<group>"; };
		4AC9181D29B5552D007BE423 /* opencv2.framework */ = {isa = PBXFileReference; lastKnownFileType = wrapper.framework; path = opencv2.framework; sourceTree = "<group>"; };
		4AEB0DC31E418FAD00765B3B /* libcurl.tbd */ = {isa = PBXFileReference; lastKnownFileType = "sourcecode.text-based-dylib-definition"; name = libcurl.tbd; path = usr/lib/libcurl.tbd; sourceTree = SDKROOT; };
		4AEB0DC71E418FF000765B3B /* SDL2.framework */ = {isa = PBXFileReference; lastKnownFileType = wrapper.framework; path = SDL2.framework; sourceTree = "<group>"; };
		4AEB0DC91E41900600765B3B /* libjpeg.a */ = {isa = PBXFileReference; lastKnownFileType = archive.ar; path = libjpeg.a; sourceTree = "<group>"; };
		4AEC04B01DFF6FB8008678C3 /* glStateCache.c */ = {isa = PBXFileReference; fileEncoding = 4; lastKnownFileType = sourcecode.c.c; path = glStateCache.c; sourceTree = "<group>"; };
		4AEC04B11DFF6FB8008678C3 /* glStateCache.h */ = {isa = PBXFileReference; fileEncoding = 4; lastKnownFileType = sourcecode.c.h; path = glStateCache.h; sourceTree = "<group>"; };
/* End PBXFileReference section */

/* Begin PBXFrameworksBuildPhase section */
		4A9141FD1DF6450200DF4FEE /* Frameworks */ = {
			isa = PBXFrameworksBuildPhase;
			buildActionMask = 2147483647;
			files = (
				4A0E11821E8CAA940074C280 /* AppKit.framework in Frameworks */,
				4A0E11801E8CAA830074C280 /* CoreFoundation.framework in Frameworks */,
				4A0E117E1E8CAA770074C280 /* Foundation.framework in Frameworks */,
				4A6FD72A1E42C7C200C6471A /* Accelerate.framework in Frameworks */,
				4A6FD7281E42C7A900C6471A /* OpenCL.framework in Frameworks */,
				4AEB0DC41E418FAD00765B3B /* libcurl.tbd in Frameworks */,
				4AEB0DCA1E41900600765B3B /* libjpeg.a in Frameworks */,
				4AEB0DCD1E41940A00765B3B /* ARX.framework in Frameworks */,
				4AEB0DCB1E41940A00765B3B /* SDL2.framework in Frameworks */,
				4A02A9B029B555C4005E4DE5 /* opencv2.framework in Frameworks */,
			);
			runOnlyForDeploymentPostprocessing = 0;
		};
/* End PBXFrameworksBuildPhase section */

/* Begin PBXGroup section */
		4A9141F71DF6450200DF4FEE = {
			isa = PBXGroup;
			children = (
				4A60A98E1EF3675000BEBF8A /* user-config.xcconfig */,
				4A01554921645AFA00FE1CE5 /* readme.md */,
				4A9142151DF6459900DF4FEE /* Source */,
				4A91421E1DF6466A00DF4FEE /* Dependencies */,
				4A9142141DF6453500DF4FEE /* Resources */,
				4A9142011DF6450200DF4FEE /* Products */,
				4AEB0DC21E418FAD00765B3B /* Frameworks */,
			);
			sourceTree = "<group>";
		};
		4A9142011DF6450200DF4FEE /* Products */ = {
			isa = PBXGroup;
			children = (
				4A9142001DF6450200DF4FEE /* artoolkitX Camera Calibration Utility.app */,
			);
			name = Products;
			sourceTree = "<group>";
		};
		4A9142141DF6453500DF4FEE /* Resources */ = {
			isa = PBXGroup;
			children = (
				4A0EBFD01EC3EA9500B0D585 /* prefDefaults.plist */,
				4A0720F81E6637FE00084FB6 /* PrefsWindow.xib */,
				4A9142091DF6450200DF4FEE /* Assets.xcassets */,
				4A91420E1DF6450200DF4FEE /* Info.plist */,
			);
			name = Resources;
			sourceTree = "<group>";
		};
		4A9142151DF6459900DF4FEE /* Source */ = {
			isa = PBXGroup;
			children = (
				4A01554821645AF900FE1CE5 /* version.h */,
				4A5FA0BF1DFE160500795630 /* calib_camera.h */,
				4A9142181DF645A900DF4FEE /* calib_camera.cpp */,
				4A47933C1E7F676E002C3631 /* Calibration.hpp */,
				4A47933B1E7F676E002C3631 /* Calibration.cpp */,
				4A9142171DF645A900DF4FEE /* calc.hpp */,
				4A9142161DF645A900DF4FEE /* calc.cpp */,
				4A91421A1DF645A900DF4FEE /* fileUploader.h */,
				4A9142191DF645A900DF4FEE /* fileUploader.c */,
				4A9143511DF6660700DF4FEE /* flow.hpp */,
				4A9143521DF6660700DF4FEE /* flow.cpp */,
				4A17ED982A95956F009FAA72 /* loc_strings.hpp */,
				4A17ED972A95956F009FAA72 /* loc_strings.cpp */,
				4AB6B1861E68B7C60034F03C /* prefs.hpp */,
				4AB6B1871E68B89C0034F03C /* prefsNull.cpp */,
				4A6223CF1E6CFBA8002F0096 /* prefsLibConfig.cpp */,
				4A0720FA1E663EBA00084FB6 /* PrefsWindowController.h */,
				4A0720FB1E663EBA00084FB6 /* PrefsWindowController.mm */,
				4A9143541DF666E200DF4FEE /* Eden */,
			);
			name = Source;
			sourceTree = "<group>";
		};
		4A91421E1DF6466A00DF4FEE /* Dependencies */ = {
			isa = PBXGroup;
			children = (
				4A91434B1DF6477A00DF4FEE /* Frameworks */,
				4A91421F1DF6466A00DF4FEE /* include */,
				4A9142DE1DF6466A00DF4FEE /* lib */,
			);
			name = Dependencies;
			path = ../depends/macos;
			sourceTree = "<group>";
		};
		4A91421F1DF6466A00DF4FEE /* include */ = {
			isa = PBXGroup;
			children = (
				4AC9181A29B55519007BE423 /* jconfig.h */,
				4AC9181C29B55519007BE423 /* jerror.h */,
				4AC9181B29B55519007BE423 /* jmorecfg.h */,
				4AC9181929B55519007BE423 /* jpeglib.h */,
			);
			path = include;
			sourceTree = "<group>";
		};
		4A9142DE1DF6466A00DF4FEE /* lib */ = {
			isa = PBXGroup;
			children = (
				4AEB0DC91E41900600765B3B /* libjpeg.a */,
			);
			path = lib;
			sourceTree = "<group>";
		};
		4A91434B1DF6477A00DF4FEE /* Frameworks */ = {
			isa = PBXGroup;
			children = (
				4AC9181D29B5552D007BE423 /* opencv2.framework */,
				4AEB0DC71E418FF000765B3B /* SDL2.framework */,
				4A91434C1DF6477A00DF4FEE /* ARX.framework */,
			);
			path = Frameworks;
			sourceTree = "<group>";
		};
		4A9143541DF666E200DF4FEE /* Eden */ = {
			isa = PBXGroup;
			children = (
				4A9143551DF666E200DF4FEE /* Eden.h */,
				4A91437A1DF6676F00DF4FEE /* EdenError.h */,
				4A91437B1DF6677600DF4FEE /* EdenGLFont.h */,
				4A9143561DF666E200DF4FEE /* EdenGLFont.c */,
				4A5FA0B81DFE13CA00795630 /* EdenMath.h */,
				4A9143571DF666E200DF4FEE /* EdenMessage.h */,
				4A5FA0B61DFE13B300795630 /* EdenMessage.c */,
				4A9143591DF666E200DF4FEE /* EdenSurfaces.h */,
				4A9143581DF666E200DF4FEE /* EdenSurfaces.c */,
				4A5FA0B91DFE13F500795630 /* EdenTime.h */,
				4A5FA0BA1DFE140000795630 /* EdenTime.c */,
				4A79ED8020A5247B0087591E /* EdenUIInput.h */,
				4A79ED7F20A5247A0087591E /* EdenUIInput.c */,
				4A5FA0BE1DFE156B00795630 /* EdenUtil.h */,
				4A5FA0BC1DFE155D00795630 /* EdenUtil.c */,
				4A5FA0B51DFE139F00795630 /* readtex.h */,
				4A5FA0B31DFE138D00795630 /* readtex.c */,
				4AEC04B11DFF6FB8008678C3 /* glStateCache.h */,
				4AEC04B01DFF6FB8008678C3 /* glStateCache.c */,
				4A91435A1DF666E200DF4FEE /* gluttext */,
				4A91436A1DF666E200DF4FEE /* gluttext.h */,
			);
			name = Eden;
			path = ../Eden;
			sourceTree = "<group>";
		};
		4A91435A1DF666E200DF4FEE /* gluttext */ = {
			isa = PBXGroup;
			children = (
				4A91435B1DF666E200DF4FEE /* glut_8x13.c */,
				4A91435C1DF666E200DF4FEE /* glut_9x15.c */,
				4A91435D1DF666E200DF4FEE /* glut_bitmap.c */,
				4A91435E1DF666E200DF4FEE /* glut_bwidth.c */,
				4A91435F1DF666E200DF4FEE /* glut_hel10.c */,
				4A9143601DF666E200DF4FEE /* glut_hel12.c */,
				4A9143611DF666E200DF4FEE /* glut_hel18.c */,
				4A9143621DF666E200DF4FEE /* glut_mroman.c */,
				4A9143631DF666E200DF4FEE /* glut_roman.c */,
				4A9143641DF666E200DF4FEE /* glut_stroke.c */,
				4A9143651DF666E200DF4FEE /* glut_swidth.c */,
				4A9143661DF666E200DF4FEE /* glut_tr10.c */,
				4A9143671DF666E200DF4FEE /* glut_tr24.c */,
				4A9143681DF666E200DF4FEE /* glutbitmap.h */,
				4A9143691DF666E200DF4FEE /* glutstroke.h */,
			);
			path = gluttext;
			sourceTree = "<group>";
		};
		4AEB0DC21E418FAD00765B3B /* Frameworks */ = {
			isa = PBXGroup;
			children = (
				4A0E11811E8CAA940074C280 /* AppKit.framework */,
				4A0E117F1E8CAA830074C280 /* CoreFoundation.framework */,
				4A0E117D1E8CAA770074C280 /* Foundation.framework */,
				4A6FD7291E42C7C200C6471A /* Accelerate.framework */,
				4A6FD7271E42C7A900C6471A /* OpenCL.framework */,
				4AEB0DC31E418FAD00765B3B /* libcurl.tbd */,
			);
			name = Frameworks;
			sourceTree = "<group>";
		};
/* End PBXGroup section */

/* Begin PBXNativeTarget section */
		4A9141FF1DF6450200DF4FEE /* artoolkitX Camera Calibration Utility */ = {
			isa = PBXNativeTarget;
			buildConfigurationList = 4A9142111DF6450200DF4FEE /* Build configuration list for PBXNativeTarget "artoolkitX Camera Calibration Utility" */;
			buildPhases = (
				4A9141FC1DF6450200DF4FEE /* Sources */,
				4A9141FD1DF6450200DF4FEE /* Frameworks */,
				4A9141FE1DF6450200DF4FEE /* Resources */,
				4AEB0DCF1E41940A00765B3B /* Embed Frameworks */,
				4AEB0DDD1E41956A00765B3B /* CopyFiles */,
			);
			buildRules = (
			);
			dependencies = (
			);
			name = "artoolkitX Camera Calibration Utility";
			productName = "artoolkitX Camera Calibration Utility";
			productReference = 4A9142001DF6450200DF4FEE /* artoolkitX Camera Calibration Utility.app */;
			productType = "com.apple.product-type.application";
		};
/* End PBXNativeTarget section */

/* Begin PBXProject section */
		4A9141F81DF6450200DF4FEE /* Project object */ = {
			isa = PBXProject;
			attributes = {
				LastUpgradeCheck = 1420;
				ORGANIZATIONNAME = artoolkitx.org;
				TargetAttributes = {
					4A9141FF1DF6450200DF4FEE = {
						CreatedOnToolsVersion = 8.1;
						DevelopmentTeam = EA4A28G9X5;
						ProvisioningStyle = Automatic;
					};
				};
			};
			buildConfigurationList = 4A9141FB1DF6450200DF4FEE /* Build configuration list for PBXProject "artoolkitX Camera Calibration Utility" */;
			compatibilityVersion = "Xcode 3.2";
			developmentRegion = English;
			hasScannedForEncodings = 0;
			knownRegions = (
				English,
				en,
				Base,
			);
			mainGroup = 4A9141F71DF6450200DF4FEE;
			productRefGroup = 4A9142011DF6450200DF4FEE /* Products */;
			projectDirPath = "";
			projectRoot = "";
			targets = (
				4A9141FF1DF6450200DF4FEE /* artoolkitX Camera Calibration Utility */,
			);
		};
/* End PBXProject section */

/* Begin PBXResourcesBuildPhase section */
		4A9141FE1DF6450200DF4FEE /* Resources */ = {
			isa = PBXResourcesBuildPhase;
			buildActionMask = 2147483647;
			files = (
				4A0EBFD11EC3EA9500B0D585 /* prefDefaults.plist in Resources */,
				4A0720F91E6637FE00084FB6 /* PrefsWindow.xib in Resources */,
				4A91420A1DF6450200DF4FEE /* Assets.xcassets in Resources */,
			);
			runOnlyForDeploymentPostprocessing = 0;
		};
/* End PBXResourcesBuildPhase section */

/* Begin PBXSourcesBuildPhase section */
		4A9141FC1DF6450200DF4FEE /* Sources */ = {
			isa = PBXSourcesBuildPhase;
			buildActionMask = 2147483647;
			files = (
				4AB6B1881E68B89C0034F03C /* prefsNull.cpp in Sources */,
				4A9143731DF666E200DF4FEE /* glut_hel18.c in Sources */,
				4A91436F1DF666E200DF4FEE /* glut_bitmap.c in Sources */,
				4AEC04B21DFF6FB8008678C3 /* glStateCache.c in Sources */,
				4A9143531DF6660700DF4FEE /* flow.cpp in Sources */,
				4A5FA0B71DFE13B300795630 /* EdenMessage.c in Sources */,
				4A9143791DF666E200DF4FEE /* glut_tr24.c in Sources */,
				4A79ED8120A5247B0087591E /* EdenUIInput.c in Sources */,
				4A5FA0BD1DFE155D00795630 /* EdenUtil.c in Sources */,
				4A9143711DF666E200DF4FEE /* glut_hel10.c in Sources */,
				4A9143721DF666E200DF4FEE /* glut_hel12.c in Sources */,
				4AD419991E6FB37300DC036C /* PrefsWindowController.mm in Sources */,
				4A5FA0BB1DFE140000795630 /* EdenTime.c in Sources */,
				4A17ED992A95956F009FAA72 /* loc_strings.cpp in Sources */,
				4A9143751DF666E200DF4FEE /* glut_roman.c in Sources */,
				4A9143781DF666E200DF4FEE /* glut_tr10.c in Sources */,
				4A9143741DF666E200DF4FEE /* glut_mroman.c in Sources */,
				4A91421C1DF645A900DF4FEE /* calib_camera.cpp in Sources */,
				4A9143771DF666E200DF4FEE /* glut_swidth.c in Sources */,
				4A9143761DF666E200DF4FEE /* glut_stroke.c in Sources */,
				4A91421D1DF645A900DF4FEE /* fileUploader.c in Sources */,
				4A47933D1E7F676E002C3631 /* Calibration.cpp in Sources */,
				4A5FA0B41DFE138D00795630 /* readtex.c in Sources */,
				4A91436E1DF666E200DF4FEE /* glut_9x15.c in Sources */,
				4A91436D1DF666E200DF4FEE /* glut_8x13.c in Sources */,
				4A9143701DF666E200DF4FEE /* glut_bwidth.c in Sources */,
				4A91421B1DF645A900DF4FEE /* calc.cpp in Sources */,
				4A91436C1DF666E200DF4FEE /* EdenSurfaces.c in Sources */,
				4AD4199A1E6FB3C000DC036C /* prefsLibConfig.cpp in Sources */,
				4A91436B1DF666E200DF4FEE /* EdenGLFont.c in Sources */,
			);
			runOnlyForDeploymentPostprocessing = 0;
		};
/* End PBXSourcesBuildPhase section */

/* Begin XCBuildConfiguration section */
		4A91420F1DF6450200DF4FEE /* Debug */ = {
			isa = XCBuildConfiguration;
			baseConfigurationReference = 4A60A98E1EF3675000BEBF8A /* user-config.xcconfig */;
			buildSettings = {
				ALWAYS_SEARCH_USER_PATHS = NO;
				CLANG_ANALYZER_LOCALIZABILITY_NONLOCALIZED = YES;
				CLANG_ANALYZER_NONNULL = YES;
				CLANG_CXX_LANGUAGE_STANDARD = "gnu++0x";
				CLANG_CXX_LIBRARY = "libc++";
				CLANG_ENABLE_MODULES = YES;
				CLANG_ENABLE_OBJC_ARC = YES;
				CLANG_WARN_BLOCK_CAPTURE_AUTORELEASING = YES;
				CLANG_WARN_BOOL_CONVERSION = YES;
				CLANG_WARN_COMMA = YES;
				CLANG_WARN_CONSTANT_CONVERSION = YES;
				CLANG_WARN_DEPRECATED_OBJC_IMPLEMENTATIONS = YES;
				CLANG_WARN_DIRECT_OBJC_ISA_USAGE = YES_ERROR;
				CLANG_WARN_DOCUMENTATION_COMMENTS = NO;
				CLANG_WARN_EMPTY_BODY = YES;
				CLANG_WARN_ENUM_CONVERSION = YES;
				CLANG_WARN_INFINITE_RECURSION = YES;
				CLANG_WARN_INT_CONVERSION = YES;
				CLANG_WARN_NON_LITERAL_NULL_CONVERSION = YES;
				CLANG_WARN_OBJC_IMPLICIT_RETAIN_SELF = YES;
				CLANG_WARN_OBJC_LITERAL_CONVERSION = YES;
				CLANG_WARN_OBJC_ROOT_CLASS = YES_ERROR;
				CLANG_WARN_RANGE_LOOP_ANALYSIS = YES;
				CLANG_WARN_STRICT_PROTOTYPES = YES;
				CLANG_WARN_SUSPICIOUS_MOVE = YES;
				CLANG_WARN_SUSPICIOUS_MOVES = YES;
				CLANG_WARN_UNREACHABLE_CODE = YES;
				CLANG_WARN__DUPLICATE_METHOD_MATCH = YES;
				CODE_SIGN_IDENTITY = "-";
				COPY_PHASE_STRIP = NO;
				DEAD_CODE_STRIPPING = YES;
				DEBUG_INFORMATION_FORMAT = dwarf;
				ENABLE_STRICT_OBJC_MSGSEND = YES;
				ENABLE_TESTABILITY = YES;
				FRAMEWORK_SEARCH_PATHS = ../depends/macos/Frameworks;
				GCC_C_LANGUAGE_STANDARD = gnu99;
				GCC_DYNAMIC_NO_PIC = NO;
				GCC_NO_COMMON_BLOCKS = YES;
				GCC_OPTIMIZATION_LEVEL = 0;
				GCC_PREPROCESSOR_DEFINITIONS = (
					"DEBUG=1",
					ARX_TARGET_PLATFORM_MACOS,
					"$(inherited)",
				);
				GCC_WARN_64_TO_32_BIT_CONVERSION = YES;
				GCC_WARN_ABOUT_RETURN_TYPE = YES_ERROR;
				GCC_WARN_UNDECLARED_SELECTOR = YES;
				GCC_WARN_UNINITIALIZED_AUTOS = YES_AGGRESSIVE;
				GCC_WARN_UNUSED_FUNCTION = YES;
				GCC_WARN_UNUSED_VARIABLE = YES;
				HEADER_SEARCH_PATHS = (
					..,
					../depends/macos/include,
				);
				LIBRARY_SEARCH_PATHS = ../depends/macos/lib;
				MACOSX_DEPLOYMENT_TARGET = 10.13;
				MTL_ENABLE_DEBUG_INFO = YES;
				ONLY_ACTIVE_ARCH = YES;
				SDKROOT = macosx;
			};
			name = Debug;
		};
		4A9142101DF6450200DF4FEE /* Release */ = {
			isa = XCBuildConfiguration;
			baseConfigurationReference = 4A60A98E1EF3675000BEBF8A /* user-config.xcconfig */;
			buildSettings = {
				ALWAYS_SEARCH_USER_PATHS = NO;
				CLANG_ANALYZER_LOCALIZABILITY_NONLOCALIZED = YES;
				CLANG_ANALYZER_NONNULL = YES;
				CLANG_CXX_LANGUAGE_STANDARD = "gnu++0x";
				CLANG_CXX_LIBRARY = "libc++";
				CLANG_ENABLE_MODULES = YES;
				CLANG_ENABLE_OBJC_ARC = YES;
				CLANG_WARN_BLOCK_CAPTURE_AUTORELEASING = YES;
				CLANG_WARN_BOOL_CONVERSION = YES;
				CLANG_WARN_COMMA = YES;
				CLANG_WARN_CONSTANT_CONVERSION = YES;
				CLANG_WARN_DEPRECATED_OBJC_IMPLEMENTATIONS = YES;
				CLANG_WARN_DIRECT_OBJC_ISA_USAGE = YES_ERROR;
				CLANG_WARN_DOCUMENTATION_COMMENTS = NO;
				CLANG_WARN_EMPTY_BODY = YES;
				CLANG_WARN_ENUM_CONVERSION = YES;
				CLANG_WARN_INFINITE_RECURSION = YES;
				CLANG_WARN_INT_CONVERSION = YES;
				CLANG_WARN_NON_LITERAL_NULL_CONVERSION = YES;
				CLANG_WARN_OBJC_IMPLICIT_RETAIN_SELF = YES;
				CLANG_WARN_OBJC_LITERAL_CONVERSION = YES;
				CLANG_WARN_OBJC_ROOT_CLASS = YES_ERROR;
				CLANG_WARN_RANGE_LOOP_ANALYSIS = YES;
				CLANG_WARN_STRICT_PROTOTYPES = YES;
				CLANG_WARN_SUSPICIOUS_MOVE = YES;
				CLANG_WARN_SUSPICIOUS_MOVES = YES;
				CLANG_WARN_UNREACHABLE_CODE = YES;
				CLANG_WARN__DUPLICATE_METHOD_MATCH = YES;
				CODE_SIGN_IDENTITY = "-";
				COPY_PHASE_STRIP = NO;
				DEAD_CODE_STRIPPING = YES;
				DEBUG_INFORMATION_FORMAT = "dwarf-with-dsym";
				ENABLE_NS_ASSERTIONS = NO;
				ENABLE_STRICT_OBJC_MSGSEND = YES;
				FRAMEWORK_SEARCH_PATHS = ../depends/macos/Frameworks;
				GCC_C_LANGUAGE_STANDARD = gnu99;
				GCC_NO_COMMON_BLOCKS = YES;
				GCC_PREPROCESSOR_DEFINITIONS = (
					ARX_TARGET_PLATFORM_MACOS,
					"$(inherited)",
				);
				GCC_WARN_64_TO_32_BIT_CONVERSION = YES;
				GCC_WARN_ABOUT_RETURN_TYPE = YES_ERROR;
				GCC_WARN_UNDECLARED_SELECTOR = YES;
				GCC_WARN_UNINITIALIZED_AUTOS = YES_AGGRESSIVE;
				GCC_WARN_UNUSED_FUNCTION = YES;
				GCC_WARN_UNUSED_VARIABLE = YES;
				HEADER_SEARCH_PATHS = (
					..,
					../depends/macos/include,
				);
				LIBRARY_SEARCH_PATHS = ../depends/macos/lib;
				MACOSX_DEPLOYMENT_TARGET = 10.13;
				MTL_ENABLE_DEBUG_INFO = NO;
				SDKROOT = macosx;
			};
			name = Release;
		};
		4A9142121DF6450200DF4FEE /* Debug */ = {
			isa = XCBuildConfiguration;
			buildSettings = {
				ASSETCATALOG_COMPILER_APPICON_NAME = AppIcon;
				CODE_SIGN_IDENTITY = "Mac Developer";
				CODE_SIGN_STYLE = Automatic;
				COMBINE_HIDPI_IMAGES = YES;
				DEAD_CODE_STRIPPING = YES;
				DEVELOPMENT_TEAM = EA4A28G9X5;
				INFOPLIST_FILE = Info.plist;
				LD_RUNPATH_SEARCH_PATHS = "$(inherited) @executable_path/../Frameworks";
				MACOSX_DEPLOYMENT_TARGET = 10.13;
				OTHER_CODE_SIGN_FLAGS = "--deep";
				PRODUCT_BUNDLE_IDENTIFIER = "org.artoolkitx.arx.utilities.calib-camera-macos";
				PRODUCT_NAME = "$(TARGET_NAME)";
				PROVISIONING_PROFILE_SPECIFIER = "";
			};
			name = Debug;
		};
		4A9142131DF6450200DF4FEE /* Release */ = {
			isa = XCBuildConfiguration;
			buildSettings = {
				ASSETCATALOG_COMPILER_APPICON_NAME = AppIcon;
				CODE_SIGN_IDENTITY = "Mac Developer";
				CODE_SIGN_STYLE = Automatic;
				COMBINE_HIDPI_IMAGES = YES;
				DEAD_CODE_STRIPPING = YES;
				DEVELOPMENT_TEAM = EA4A28G9X5;
				INFOPLIST_FILE = Info.plist;
				LD_RUNPATH_SEARCH_PATHS = "$(inherited) @executable_path/../Frameworks";
				MACOSX_DEPLOYMENT_TARGET = 10.13;
				OTHER_CODE_SIGN_FLAGS = "--deep";
				PRODUCT_BUNDLE_IDENTIFIER = "org.artoolkitx.arx.utilities.calib-camera-macos";
				PRODUCT_NAME = "$(TARGET_NAME)";
				PROVISIONING_PROFILE = "";
				PROVISIONING_PROFILE_SPECIFIER = "";
			};
			name = Release;
		};
/* End XCBuildConfiguration section */

/* Begin XCConfigurationList section */
		4A9141FB1DF6450200DF4FEE /* Build configuration list for PBXProject "artoolkitX Camera Calibration Utility" */ = {
			isa = XCConfigurationList;
			buildConfigurations = (
				4A91420F1DF6450200DF4FEE /* Debug */,
				4A9142101DF6450200DF4FEE /* Release */,
			);
			defaultConfigurationIsVisible = 0;
			defaultConfigurationName = Release;
		};
		4A9142111DF6450200DF4FEE /* Build configuration list for PBXNativeTarget "artoolkitX Camera Calibration Utility" */ = {
			isa = XCConfigurationList;
			buildConfigurations = (
				4A9142121DF6450200DF4FEE /* Debug */,
				4A9142131DF6450200DF4FEE /* Release */,
			);
			defaultConfigurationIsVisible = 0;
			defaultConfigurationName = Release;
		};
/* End XCConfigurationList section */
	};
	rootObject = 4A9141F81DF6450200DF4FEE /* Project object */;
}
